
Microsoft Visual Studio Solution File, Format Version 12.00
# Visual Studio 2013
VisualStudioVersion = 12.0.30501.0
MinimumVisualStudioVersion = 10.0.40219.1
Project("{FAE04EC0-301F-11D3-BF4B-00C04F79EFBC}") = "LogReceiver", "..\Client\LogReceiver\LogReceiver.csproj", "{9C382C45-ECA6-48AA-89B8-1FB59B431A1E}"
EndProject
Project("{FAE04EC0-301F-11D3-BF4B-00C04F79EFBC}") = "LogReceiver.Core", "..\Client\LogReceiver.Core\LogReceiver.Core.csproj", "{CDE4C4AA-7B5E-4558-98AC-E338C7ABC51E}"
EndProject
Project("{FAE04EC0-301F-11D3-BF4B-00C04F79EFBC}") = "LogReceiver.Ui", "..\Client\LogReceiver.Ui\LogReceiver.Ui.csproj", "{C864AEC2-7871-4807-97DD-34E51B0893B5}"
EndProject
Project("{2150E333-8FDC-42A3-9474-1A3956D46DE8}") = "Test", "Test", "{ECAD2081-5E17-4A2E-8C4F-79905ECF9D04}"
EndProject
Project("{FAE04EC0-301F-11D3-BF4B-00C04F79EFBC}") = "LogReceiver.Test.Ui", "..\Client\LogReceiver.Test.Ui\LogReceiver.Test.Ui.csproj", "{6513F00E-BB93-4D71-ADF5-8AB691B0B06C}"
EndProject
Project("{FAE04EC0-301F-11D3-BF4B-00C04F79EFBC}") = "LogReceiver.Test.Core", "..\Client\LogReceiver.Test.Core\LogReceiver.Test.Core.csproj", "{166D2277-B41A-4B22-B64C-D2FF8F2F1582}"
EndProject
Project("{2150E333-8FDC-42A3-9474-1A3956D46DE8}") = "Client", "Client", "{4504E565-F6E1-42CD-95B0-93CD7C801FD6}"
EndProject
Project("{2150E333-8FDC-42A3-9474-1A3956D46DE8}") = "Senders", "Senders", "{64B02BBF-7C25-4382-95E6-AD7BD8084C3B}"
EndProject
Project("{FAE04EC0-301F-11D3-BF4B-00C04F79EFBC}") = "LogReceiver.Senders.Log4NetAppenders", "..\Senders\LogReceiver.Senders.Log4NetAppenders\LogReceiver.Senders.Log4NetAppenders.csproj", "{05570A4F-9614-4717-BB6E-F5C2D68DFC7E}"
EndProject
Project("{2150E333-8FDC-42A3-9474-1A3956D46DE8}") = ".nuget", ".nuget", "{9604872D-ACE9-49D9-839C-326C75414084}"
	ProjectSection(SolutionItems) = preProject
		.nuget\NuGet.Config = .nuget\NuGet.Config
		.nuget\NuGet.exe = .nuget\NuGet.exe
		.nuget\NuGet.targets = .nuget\NuGet.targets
		.nuget\packages.config = .nuget\packages.config
	EndProjectSection
EndProject
Project("{2150E333-8FDC-42A3-9474-1A3956D46DE8}") = "TestApplications", "TestApplications", "{A07A3E8E-1E5B-45FE-A09A-C2521DE9C144}"
EndProject
Project("{FAE04EC0-301F-11D3-BF4B-00C04F79EFBC}") = "LogReceiver.TestApplication.TcpSender", "..\TestApplications\LogReceiver.TestApplication.TcpSender\LogReceiver.TestApplication.TcpSender.csproj", "{78BF6F49-2517-4750-965E-32F710283E20}"
EndProject
Project("{2150E333-8FDC-42A3-9474-1A3956D46DE8}") = "Launcher", "Launcher", "{22AA1C67-140D-43C3-BB16-72CE1387E9F0}"
EndProject
Project("{2150E333-8FDC-42A3-9474-1A3956D46DE8}") = "3rd Party", "3rd Party", "{CE1C3613-CA46-47E3-8905-1EF3EEB7C62D}"
EndProject
Project("{2150E333-8FDC-42A3-9474-1A3956D46DE8}") = "Lawnch", "Lawnch", "{4E4457B4-697D-4CA7-A65C-A70038462D39}"
EndProject
Project("{FAE04EC0-301F-11D3-BF4B-00C04F79EFBC}") = "Lawnch.Launcher", "..\..\modules\Lawnch\Source\Code\Lawnch.Launcher\Lawnch.Launcher.csproj", "{D6D1796C-6ED5-40E7-95D3-B27E22837AAE}"
	ProjectSection(ProjectDependencies) = postProject
		{5E05D1C1-D459-47F9-AFDD-24B960981623} = {5E05D1C1-D459-47F9-AFDD-24B960981623}
	EndProjectSection
EndProject
Project("{FAE04EC0-301F-11D3-BF4B-00C04F79EFBC}") = "Lawnch.Relauncher", "..\..\modules\Lawnch\Source\Code\Lawnch.Relauncher\Lawnch.Relauncher.csproj", "{5E05D1C1-D459-47F9-AFDD-24B960981623}"
EndProject
Project("{FAE04EC0-301F-11D3-BF4B-00C04F79EFBC}") = "Lawnch.Pack", "..\..\modules\Lawnch\Source\Code\Lawnch.Pack\Lawnch.Pack.csproj", "{ADCB0822-199F-4847-A781-410A0E160745}"
EndProject
Project("{2150E333-8FDC-42A3-9474-1A3956D46DE8}") = "Test", "Test", "{1003A9A2-00DC-4A67-80D4-B2F32291E516}"
EndProject
Project("{FAE04EC0-301F-11D3-BF4B-00C04F79EFBC}") = "Lawnch.Test.Launcher", "..\..\modules\Lawnch\Source\Code\Lawnch.Test.Launcher\Lawnch.Test.Launcher.csproj", "{3DC56F67-F21E-403D-BB06-4EF14A865564}"
EndProject
Project("{FAE04EC0-301F-11D3-BF4B-00C04F79EFBC}") = "LogReceiver.Launcher", "..\Launcher\LogReceiver.Launcher\LogReceiver.Launcher.csproj", "{788E71F2-28BF-456F-9D2D-DF406B831408}"
EndProject
Project("{2150E333-8FDC-42A3-9474-1A3956D46DE8}") = "Blocks", "Blocks", "{78F44EF2-B4BE-4F74-823B-89E170B285B9}"
EndProject
Project("{2150E333-8FDC-42A3-9474-1A3956D46DE8}") = "Test", "Test", "{CA7D52B0-2468-448B-81C5-9734CB840610}"
EndProject
Project("{FAE04EC0-301F-11D3-BF4B-00C04F79EFBC}") = "Blocks.Core", "..\..\modules\Blocks\Source\Blocks.Core\Blocks.Core.csproj", "{2821349E-6F6F-4C57-A9D1-E5B96C418C76}"
EndProject
Project("{FAE04EC0-301F-11D3-BF4B-00C04F79EFBC}") = "Blocks.Mvvm", "..\..\modules\Blocks\Source\Blocks.Mvvm\Blocks.Mvvm.csproj", "{E1E6550C-8124-44C4-866E-16B853B65D2A}"
EndProject
Project("{FAE04EC0-301F-11D3-BF4B-00C04F79EFBC}") = "Blocks.Core.LogEngines.SeriLog", "..\..\modules\Blocks\Source\Blocks.Core.LogEngines.SeriLog\Blocks.Core.LogEngines.SeriLog.csproj", "{55A23A30-A597-4A75-94C3-19941A5761C4}"
EndProject
Project("{FAE04EC0-301F-11D3-BF4B-00C04F79EFBC}") = "Blocks.TestHelpers", "..\..\modules\Blocks\Source\Blocks.TestHelpers\Blocks.TestHelpers.csproj", "{D922C83F-E5DC-46E6-B33F-F9AF5FD542BF}"
EndProject
Global
	GlobalSection(SolutionConfigurationPlatforms) = preSolution
		Debug|Any CPU = Debug|Any CPU
		Debug|Mixed Platforms = Debug|Mixed Platforms
		Debug|x86 = Debug|x86
		Release|Any CPU = Release|Any CPU
		Release|Mixed Platforms = Release|Mixed Platforms
		Release|x86 = Release|x86
	EndGlobalSection
	GlobalSection(ProjectConfigurationPlatforms) = postSolution
		{9C382C45-ECA6-48AA-89B8-1FB59B431A1E}.Debug|Any CPU.ActiveCfg = Debug|Any CPU
		{9C382C45-ECA6-48AA-89B8-1FB59B431A1E}.Debug|Any CPU.Build.0 = Debug|Any CPU
		{9C382C45-ECA6-48AA-89B8-1FB59B431A1E}.Debug|Mixed Platforms.ActiveCfg = Debug|Any CPU
		{9C382C45-ECA6-48AA-89B8-1FB59B431A1E}.Debug|Mixed Platforms.Build.0 = Debug|Any CPU
		{9C382C45-ECA6-48AA-89B8-1FB59B431A1E}.Debug|x86.ActiveCfg = Debug|x86
		{9C382C45-ECA6-48AA-89B8-1FB59B431A1E}.Debug|x86.Build.0 = Debug|x86
		{9C382C45-ECA6-48AA-89B8-1FB59B431A1E}.Release|Any CPU.ActiveCfg = Release|Any CPU
		{9C382C45-ECA6-48AA-89B8-1FB59B431A1E}.Release|Any CPU.Build.0 = Release|Any CPU
		{9C382C45-ECA6-48AA-89B8-1FB59B431A1E}.Release|Mixed Platforms.ActiveCfg = Release|Any CPU
		{9C382C45-ECA6-48AA-89B8-1FB59B431A1E}.Release|Mixed Platforms.Build.0 = Release|Any CPU
		{9C382C45-ECA6-48AA-89B8-1FB59B431A1E}.Release|x86.ActiveCfg = Release|x86
		{9C382C45-ECA6-48AA-89B8-1FB59B431A1E}.Release|x86.Build.0 = Release|x86
		{CDE4C4AA-7B5E-4558-98AC-E338C7ABC51E}.Debug|Any CPU.ActiveCfg = Debug|Any CPU
		{CDE4C4AA-7B5E-4558-98AC-E338C7ABC51E}.Debug|Any CPU.Build.0 = Debug|Any CPU
		{CDE4C4AA-7B5E-4558-98AC-E338C7ABC51E}.Debug|Mixed Platforms.ActiveCfg = Debug|Any CPU
		{CDE4C4AA-7B5E-4558-98AC-E338C7ABC51E}.Debug|Mixed Platforms.Build.0 = Debug|Any CPU
		{CDE4C4AA-7B5E-4558-98AC-E338C7ABC51E}.Debug|x86.ActiveCfg = Debug|Any CPU
		{CDE4C4AA-7B5E-4558-98AC-E338C7ABC51E}.Release|Any CPU.ActiveCfg = Release|Any CPU
		{CDE4C4AA-7B5E-4558-98AC-E338C7ABC51E}.Release|Any CPU.Build.0 = Release|Any CPU
		{CDE4C4AA-7B5E-4558-98AC-E338C7ABC51E}.Release|Mixed Platforms.ActiveCfg = Release|Any CPU
		{CDE4C4AA-7B5E-4558-98AC-E338C7ABC51E}.Release|Mixed Platforms.Build.0 = Release|Any CPU
		{CDE4C4AA-7B5E-4558-98AC-E338C7ABC51E}.Release|x86.ActiveCfg = Release|Any CPU
		{C864AEC2-7871-4807-97DD-34E51B0893B5}.Debug|Any CPU.ActiveCfg = Debug|Any CPU
		{C864AEC2-7871-4807-97DD-34E51B0893B5}.Debug|Any CPU.Build.0 = Debug|Any CPU
		{C864AEC2-7871-4807-97DD-34E51B0893B5}.Debug|Mixed Platforms.ActiveCfg = Debug|Any CPU
		{C864AEC2-7871-4807-97DD-34E51B0893B5}.Debug|Mixed Platforms.Build.0 = Debug|Any CPU
		{C864AEC2-7871-4807-97DD-34E51B0893B5}.Debug|x86.ActiveCfg = Debug|x86
		{C864AEC2-7871-4807-97DD-34E51B0893B5}.Debug|x86.Build.0 = Debug|x86
		{C864AEC2-7871-4807-97DD-34E51B0893B5}.Release|Any CPU.ActiveCfg = Release|Any CPU
		{C864AEC2-7871-4807-97DD-34E51B0893B5}.Release|Any CPU.Build.0 = Release|Any CPU
		{C864AEC2-7871-4807-97DD-34E51B0893B5}.Release|Mixed Platforms.ActiveCfg = Release|Any CPU
		{C864AEC2-7871-4807-97DD-34E51B0893B5}.Release|Mixed Platforms.Build.0 = Release|Any CPU
		{C864AEC2-7871-4807-97DD-34E51B0893B5}.Release|x86.ActiveCfg = Release|x86
		{C864AEC2-7871-4807-97DD-34E51B0893B5}.Release|x86.Build.0 = Release|x86
		{6513F00E-BB93-4D71-ADF5-8AB691B0B06C}.Debug|Any CPU.ActiveCfg = Debug|Any CPU
		{6513F00E-BB93-4D71-ADF5-8AB691B0B06C}.Debug|Any CPU.Build.0 = Debug|Any CPU
		{6513F00E-BB93-4D71-ADF5-8AB691B0B06C}.Debug|Mixed Platforms.ActiveCfg = Debug|Any CPU
		{6513F00E-BB93-4D71-ADF5-8AB691B0B06C}.Debug|Mixed Platforms.Build.0 = Debug|Any CPU
		{6513F00E-BB93-4D71-ADF5-8AB691B0B06C}.Debug|x86.ActiveCfg = Debug|Any CPU
		{6513F00E-BB93-4D71-ADF5-8AB691B0B06C}.Release|Any CPU.ActiveCfg = Release|Any CPU
		{6513F00E-BB93-4D71-ADF5-8AB691B0B06C}.Release|Any CPU.Build.0 = Release|Any CPU
		{6513F00E-BB93-4D71-ADF5-8AB691B0B06C}.Release|Mixed Platforms.ActiveCfg = Release|Any CPU
		{6513F00E-BB93-4D71-ADF5-8AB691B0B06C}.Release|Mixed Platforms.Build.0 = Release|Any CPU
		{6513F00E-BB93-4D71-ADF5-8AB691B0B06C}.Release|x86.ActiveCfg = Release|Any CPU
		{166D2277-B41A-4B22-B64C-D2FF8F2F1582}.Debug|Any CPU.ActiveCfg = Debug|Any CPU
		{166D2277-B41A-4B22-B64C-D2FF8F2F1582}.Debug|Any CPU.Build.0 = Debug|Any CPU
		{166D2277-B41A-4B22-B64C-D2FF8F2F1582}.Debug|Mixed Platforms.ActiveCfg = Debug|Any CPU
		{166D2277-B41A-4B22-B64C-D2FF8F2F1582}.Debug|Mixed Platforms.Build.0 = Debug|Any CPU
		{166D2277-B41A-4B22-B64C-D2FF8F2F1582}.Debug|x86.ActiveCfg = Debug|Any CPU
		{166D2277-B41A-4B22-B64C-D2FF8F2F1582}.Release|Any CPU.ActiveCfg = Release|Any CPU
		{166D2277-B41A-4B22-B64C-D2FF8F2F1582}.Release|Any CPU.Build.0 = Release|Any CPU
		{166D2277-B41A-4B22-B64C-D2FF8F2F1582}.Release|Mixed Platforms.ActiveCfg = Release|Any CPU
		{166D2277-B41A-4B22-B64C-D2FF8F2F1582}.Release|Mixed Platforms.Build.0 = Release|Any CPU
		{166D2277-B41A-4B22-B64C-D2FF8F2F1582}.Release|x86.ActiveCfg = Release|Any CPU
		{05570A4F-9614-4717-BB6E-F5C2D68DFC7E}.Debug|Any CPU.ActiveCfg = Debug|Any CPU
		{05570A4F-9614-4717-BB6E-F5C2D68DFC7E}.Debug|Any CPU.Build.0 = Debug|Any CPU
		{05570A4F-9614-4717-BB6E-F5C2D68DFC7E}.Debug|Mixed Platforms.ActiveCfg = Debug|Any CPU
		{05570A4F-9614-4717-BB6E-F5C2D68DFC7E}.Debug|Mixed Platforms.Build.0 = Debug|Any CPU
		{05570A4F-9614-4717-BB6E-F5C2D68DFC7E}.Debug|x86.ActiveCfg = Debug|Any CPU
		{05570A4F-9614-4717-BB6E-F5C2D68DFC7E}.Release|Any CPU.ActiveCfg = Release|Any CPU
		{05570A4F-9614-4717-BB6E-F5C2D68DFC7E}.Release|Any CPU.Build.0 = Release|Any CPU
		{05570A4F-9614-4717-BB6E-F5C2D68DFC7E}.Release|Mixed Platforms.ActiveCfg = Release|Any CPU
		{05570A4F-9614-4717-BB6E-F5C2D68DFC7E}.Release|Mixed Platforms.Build.0 = Release|Any CPU
		{05570A4F-9614-4717-BB6E-F5C2D68DFC7E}.Release|x86.ActiveCfg = Release|Any CPU
		{78BF6F49-2517-4750-965E-32F710283E20}.Debug|Any CPU.ActiveCfg = Debug|Any CPU
		{78BF6F49-2517-4750-965E-32F710283E20}.Debug|Any CPU.Build.0 = Debug|Any CPU
		{78BF6F49-2517-4750-965E-32F710283E20}.Debug|Mixed Platforms.ActiveCfg = Debug|Any CPU
		{78BF6F49-2517-4750-965E-32F710283E20}.Debug|Mixed Platforms.Build.0 = Debug|Any CPU
		{78BF6F49-2517-4750-965E-32F710283E20}.Debug|x86.ActiveCfg = Debug|Any CPU
		{78BF6F49-2517-4750-965E-32F710283E20}.Release|Any CPU.ActiveCfg = Release|Any CPU
		{78BF6F49-2517-4750-965E-32F710283E20}.Release|Any CPU.Build.0 = Release|Any CPU
		{78BF6F49-2517-4750-965E-32F710283E20}.Release|Mixed Platforms.ActiveCfg = Release|Any CPU
		{78BF6F49-2517-4750-965E-32F710283E20}.Release|Mixed Platforms.Build.0 = Release|Any CPU
		{78BF6F49-2517-4750-965E-32F710283E20}.Release|x86.ActiveCfg = Release|Any CPU
		{D6D1796C-6ED5-40E7-95D3-B27E22837AAE}.Debug|Any CPU.ActiveCfg = Debug|Any CPU
		{D6D1796C-6ED5-40E7-95D3-B27E22837AAE}.Debug|Any CPU.Build.0 = Debug|Any CPU
		{D6D1796C-6ED5-40E7-95D3-B27E22837AAE}.Debug|Mixed Platforms.ActiveCfg = Debug|Any CPU
		{D6D1796C-6ED5-40E7-95D3-B27E22837AAE}.Debug|Mixed Platforms.Build.0 = Debug|Any CPU
		{D6D1796C-6ED5-40E7-95D3-B27E22837AAE}.Debug|x86.ActiveCfg = Debug|Any CPU
		{D6D1796C-6ED5-40E7-95D3-B27E22837AAE}.Release|Any CPU.ActiveCfg = Release|Any CPU
		{D6D1796C-6ED5-40E7-95D3-B27E22837AAE}.Release|Any CPU.Build.0 = Release|Any CPU
		{D6D1796C-6ED5-40E7-95D3-B27E22837AAE}.Release|Mixed Platforms.ActiveCfg = Release|Any CPU
		{D6D1796C-6ED5-40E7-95D3-B27E22837AAE}.Release|Mixed Platforms.Build.0 = Release|Any CPU
		{D6D1796C-6ED5-40E7-95D3-B27E22837AAE}.Release|x86.ActiveCfg = Release|Any CPU
		{5E05D1C1-D459-47F9-AFDD-24B960981623}.Debug|Any CPU.ActiveCfg = Debug|Any CPU
		{5E05D1C1-D459-47F9-AFDD-24B960981623}.Debug|Any CPU.Build.0 = Debug|Any CPU
		{5E05D1C1-D459-47F9-AFDD-24B960981623}.Debug|Mixed Platforms.ActiveCfg = Debug|Any CPU
		{5E05D1C1-D459-47F9-AFDD-24B960981623}.Debug|Mixed Platforms.Build.0 = Debug|Any CPU
		{5E05D1C1-D459-47F9-AFDD-24B960981623}.Debug|x86.ActiveCfg = Debug|Any CPU
		{5E05D1C1-D459-47F9-AFDD-24B960981623}.Release|Any CPU.ActiveCfg = Release|Any CPU
		{5E05D1C1-D459-47F9-AFDD-24B960981623}.Release|Any CPU.Build.0 = Release|Any CPU
		{5E05D1C1-D459-47F9-AFDD-24B960981623}.Release|Mixed Platforms.ActiveCfg = Release|Any CPU
		{5E05D1C1-D459-47F9-AFDD-24B960981623}.Release|Mixed Platforms.Build.0 = Release|Any CPU
		{5E05D1C1-D459-47F9-AFDD-24B960981623}.Release|x86.ActiveCfg = Release|Any CPU
		{ADCB0822-199F-4847-A781-410A0E160745}.Debug|Any CPU.ActiveCfg = Debug|Any CPU
		{ADCB0822-199F-4847-A781-410A0E160745}.Debug|Any CPU.Build.0 = Debug|Any CPU
		{ADCB0822-199F-4847-A781-410A0E160745}.Debug|Mixed Platforms.ActiveCfg = Debug|Any CPU
		{ADCB0822-199F-4847-A781-410A0E160745}.Debug|Mixed Platforms.Build.0 = Debug|Any CPU
		{ADCB0822-199F-4847-A781-410A0E160745}.Debug|x86.ActiveCfg = Debug|Any CPU
		{ADCB0822-199F-4847-A781-410A0E160745}.Release|Any CPU.ActiveCfg = Release|Any CPU
		{ADCB0822-199F-4847-A781-410A0E160745}.Release|Any CPU.Build.0 = Release|Any CPU
		{ADCB0822-199F-4847-A781-410A0E160745}.Release|Mixed Platforms.ActiveCfg = Release|Any CPU
		{ADCB0822-199F-4847-A781-410A0E160745}.Release|Mixed Platforms.Build.0 = Release|Any CPU
		{ADCB0822-199F-4847-A781-410A0E160745}.Release|x86.ActiveCfg = Release|Any CPU
		{3DC56F67-F21E-403D-BB06-4EF14A865564}.Debug|Any CPU.ActiveCfg = Debug|Any CPU
		{3DC56F67-F21E-403D-BB06-4EF14A865564}.Debug|Any CPU.Build.0 = Debug|Any CPU
		{3DC56F67-F21E-403D-BB06-4EF14A865564}.Debug|Mixed Platforms.ActiveCfg = Debug|Any CPU
		{3DC56F67-F21E-403D-BB06-4EF14A865564}.Debug|Mixed Platforms.Build.0 = Debug|Any CPU
		{3DC56F67-F21E-403D-BB06-4EF14A865564}.Debug|x86.ActiveCfg = Debug|Any CPU
		{3DC56F67-F21E-403D-BB06-4EF14A865564}.Release|Any CPU.ActiveCfg = Release|Any CPU
		{3DC56F67-F21E-403D-BB06-4EF14A865564}.Release|Any CPU.Build.0 = Release|Any CPU
		{3DC56F67-F21E-403D-BB06-4EF14A865564}.Release|Mixed Platforms.ActiveCfg = Release|Any CPU
		{3DC56F67-F21E-403D-BB06-4EF14A865564}.Release|Mixed Platforms.Build.0 = Release|Any CPU
		{3DC56F67-F21E-403D-BB06-4EF14A865564}.Release|x86.ActiveCfg = Release|Any CPU
		{788E71F2-28BF-456F-9D2D-DF406B831408}.Debug|Any CPU.ActiveCfg = Debug|Any CPU
		{788E71F2-28BF-456F-9D2D-DF406B831408}.Debug|Any CPU.Build.0 = Debug|Any CPU
		{788E71F2-28BF-456F-9D2D-DF406B831408}.Debug|Mixed Platforms.ActiveCfg = Debug|Any CPU
		{788E71F2-28BF-456F-9D2D-DF406B831408}.Debug|Mixed Platforms.Build.0 = Debug|Any CPU
		{788E71F2-28BF-456F-9D2D-DF406B831408}.Debug|x86.ActiveCfg = Debug|Any CPU
		{788E71F2-28BF-456F-9D2D-DF406B831408}.Release|Any CPU.ActiveCfg = Release|Any CPU
		{788E71F2-28BF-456F-9D2D-DF406B831408}.Release|Any CPU.Build.0 = Release|Any CPU
		{788E71F2-28BF-456F-9D2D-DF406B831408}.Release|Mixed Platforms.ActiveCfg = Release|Any CPU
		{788E71F2-28BF-456F-9D2D-DF406B831408}.Release|Mixed Platforms.Build.0 = Release|Any CPU
		{788E71F2-28BF-456F-9D2D-DF406B831408}.Release|x86.ActiveCfg = Release|Any CPU
		{2821349E-6F6F-4C57-A9D1-E5B96C418C76}.Debug|Any CPU.ActiveCfg = Debug|Any CPU
		{2821349E-6F6F-4C57-A9D1-E5B96C418C76}.Debug|Any CPU.Build.0 = Debug|Any CPU
		{2821349E-6F6F-4C57-A9D1-E5B96C418C76}.Debug|Mixed Platforms.ActiveCfg = Debug|Any CPU
		{2821349E-6F6F-4C57-A9D1-E5B96C418C76}.Debug|Mixed Platforms.Build.0 = Debug|Any CPU
		{2821349E-6F6F-4C57-A9D1-E5B96C418C76}.Debug|x86.ActiveCfg = Debug|Any CPU
		{2821349E-6F6F-4C57-A9D1-E5B96C418C76}.Release|Any CPU.ActiveCfg = Release|Any CPU
		{2821349E-6F6F-4C57-A9D1-E5B96C418C76}.Release|Any CPU.Build.0 = Release|Any CPU
		{2821349E-6F6F-4C57-A9D1-E5B96C418C76}.Release|Mixed Platforms.ActiveCfg = Release|Any CPU
		{2821349E-6F6F-4C57-A9D1-E5B96C418C76}.Release|Mixed Platforms.Build.0 = Release|Any CPU
		{2821349E-6F6F-4C57-A9D1-E5B96C418C76}.Release|x86.ActiveCfg = Release|Any CPU
		{E1E6550C-8124-44C4-866E-16B853B65D2A}.Debug|Any CPU.ActiveCfg = Debug|Any CPU
		{E1E6550C-8124-44C4-866E-16B853B65D2A}.Debug|Any CPU.Build.0 = Debug|Any CPU
		{E1E6550C-8124-44C4-866E-16B853B65D2A}.Debug|Mixed Platforms.ActiveCfg = Debug|x86
		{E1E6550C-8124-44C4-866E-16B853B65D2A}.Debug|Mixed Platforms.Build.0 = Debug|x86
		{E1E6550C-8124-44C4-866E-16B853B65D2A}.Debug|x86.ActiveCfg = Debug|x86
		{E1E6550C-8124-44C4-866E-16B853B65D2A}.Debug|x86.Build.0 = Debug|x86
		{E1E6550C-8124-44C4-866E-16B853B65D2A}.Release|Any CPU.ActiveCfg = Release|Any CPU
		{E1E6550C-8124-44C4-866E-16B853B65D2A}.Release|Any CPU.Build.0 = Release|Any CPU
		{E1E6550C-8124-44C4-866E-16B853B65D2A}.Release|Mixed Platforms.ActiveCfg = Release|x86
		{E1E6550C-8124-44C4-866E-16B853B65D2A}.Release|Mixed Platforms.Build.0 = Release|x86
		{E1E6550C-8124-44C4-866E-16B853B65D2A}.Release|x86.ActiveCfg = Release|x86
		{E1E6550C-8124-44C4-866E-16B853B65D2A}.Release|x86.Build.0 = Release|x86
		{55A23A30-A597-4A75-94C3-19941A5761C4}.Debug|Any CPU.ActiveCfg = Debug|Any CPU
		{55A23A30-A597-4A75-94C3-19941A5761C4}.Debug|Any CPU.Build.0 = Debug|Any CPU
		{55A23A30-A597-4A75-94C3-19941A5761C4}.Debug|Mixed Platforms.ActiveCfg = Debug|Any CPU
		{55A23A30-A597-4A75-94C3-19941A5761C4}.Debug|Mixed Platforms.Build.0 = Debug|Any CPU
		{55A23A30-A597-4A75-94C3-19941A5761C4}.Debug|x86.ActiveCfg = Debug|Any CPU
		{55A23A30-A597-4A75-94C3-19941A5761C4}.Release|Any CPU.ActiveCfg = Release|Any CPU
		{55A23A30-A597-4A75-94C3-19941A5761C4}.Release|Any CPU.Build.0 = Release|Any CPU
		{55A23A30-A597-4A75-94C3-19941A5761C4}.Release|Mixed Platforms.ActiveCfg = Release|Any CPU
		{55A23A30-A597-4A75-94C3-19941A5761C4}.Release|Mixed Platforms.Build.0 = Release|Any CPU
		{55A23A30-A597-4A75-94C3-19941A5761C4}.Release|x86.ActiveCfg = Release|Any CPU
		{D922C83F-E5DC-46E6-B33F-F9AF5FD542BF}.Debug|Any CPU.ActiveCfg = Debug|Any CPU
		{D922C83F-E5DC-46E6-B33F-F9AF5FD542BF}.Debug|Any CPU.Build.0 = Debug|Any CPU
		{D922C83F-E5DC-46E6-B33F-F9AF5FD542BF}.Debug|Mixed Platforms.ActiveCfg = Debug|Any CPU
		{D922C83F-E5DC-46E6-B33F-F9AF5FD542BF}.Debug|Mixed Platforms.Build.0 = Debug|Any CPU
		{D922C83F-E5DC-46E6-B33F-F9AF5FD542BF}.Debug|x86.ActiveCfg = Debug|Any CPU
		{D922C83F-E5DC-46E6-B33F-F9AF5FD542BF}.Release|Any CPU.ActiveCfg = Release|Any CPU
		{D922C83F-E5DC-46E6-B33F-F9AF5FD542BF}.Release|Any CPU.Build.0 = Release|Any CPU
		{D922C83F-E5DC-46E6-B33F-F9AF5FD542BF}.Release|Mixed Platforms.ActiveCfg = Release|Any CPU
		{D922C83F-E5DC-46E6-B33F-F9AF5FD542BF}.Release|Mixed Platforms.Build.0 = Release|Any CPU
		{D922C83F-E5DC-46E6-B33F-F9AF5FD542BF}.Release|x86.ActiveCfg = Release|Any CPU
	EndGlobalSection
	GlobalSection(SolutionProperties) = preSolution
		HideSolutionNode = FALSE
	EndGlobalSection
	GlobalSection(NestedProjects) = preSolution
		{9C382C45-ECA6-48AA-89B8-1FB59B431A1E} = {4504E565-F6E1-42CD-95B0-93CD7C801FD6}
		{CDE4C4AA-7B5E-4558-98AC-E338C7ABC51E} = {4504E565-F6E1-42CD-95B0-93CD7C801FD6}
		{C864AEC2-7871-4807-97DD-34E51B0893B5} = {4504E565-F6E1-42CD-95B0-93CD7C801FD6}
		{ECAD2081-5E17-4A2E-8C4F-79905ECF9D04} = {4504E565-F6E1-42CD-95B0-93CD7C801FD6}
		{6513F00E-BB93-4D71-ADF5-8AB691B0B06C} = {ECAD2081-5E17-4A2E-8C4F-79905ECF9D04}
		{166D2277-B41A-4B22-B64C-D2FF8F2F1582} = {ECAD2081-5E17-4A2E-8C4F-79905ECF9D04}
		{05570A4F-9614-4717-BB6E-F5C2D68DFC7E} = {64B02BBF-7C25-4382-95E6-AD7BD8084C3B}
		{78BF6F49-2517-4750-965E-32F710283E20} = {A07A3E8E-1E5B-45FE-A09A-C2521DE9C144}
		{4E4457B4-697D-4CA7-A65C-A70038462D39} = {CE1C3613-CA46-47E3-8905-1EF3EEB7C62D}
		{D6D1796C-6ED5-40E7-95D3-B27E22837AAE} = {4E4457B4-697D-4CA7-A65C-A70038462D39}
		{5E05D1C1-D459-47F9-AFDD-24B960981623} = {4E4457B4-697D-4CA7-A65C-A70038462D39}
		{ADCB0822-199F-4847-A781-410A0E160745} = {4E4457B4-697D-4CA7-A65C-A70038462D39}
		{1003A9A2-00DC-4A67-80D4-B2F32291E516} = {4E4457B4-697D-4CA7-A65C-A70038462D39}
		{3DC56F67-F21E-403D-BB06-4EF14A865564} = {1003A9A2-00DC-4A67-80D4-B2F32291E516}
		{788E71F2-28BF-456F-9D2D-DF406B831408} = {22AA1C67-140D-43C3-BB16-72CE1387E9F0}
		{78F44EF2-B4BE-4F74-823B-89E170B285B9} = {CE1C3613-CA46-47E3-8905-1EF3EEB7C62D}
		{CA7D52B0-2468-448B-81C5-9734CB840610} = {78F44EF2-B4BE-4F74-823B-89E170B285B9}
		{2821349E-6F6F-4C57-A9D1-E5B96C418C76} = {78F44EF2-B4BE-4F74-823B-89E170B285B9}
		{E1E6550C-8124-44C4-866E-16B853B65D2A} = {78F44EF2-B4BE-4F74-823B-89E170B285B9}
		{55A23A30-A597-4A75-94C3-19941A5761C4} = {78F44EF2-B4BE-4F74-823B-89E170B285B9}
		{D922C83F-E5DC-46E6-B33F-F9AF5FD542BF} = {78F44EF2-B4BE-4F74-823B-89E170B285B9}
	EndGlobalSection
EndGlobal
